
Microsoft Visual Studio Solution File, Format Version 12.00
# Visual Studio 15
VisualStudioVersion = 15.0.28010.2041
MinimumVisualStudioVersion = 10.0.40219.1
Project("{FAE04EC0-301F-11D3-BF4B-00C04F79EFBC}") = "WebForm", "WebForm.csproj", "{99771DEA-25D6-4F3B-8D08-B18BFCDF0AF2}"
EndProject
Project("{FAE04EC0-301F-11D3-BF4B-00C04F79EFBC}") = "WebApplication1", "..\..\assignment\WebApplication1\WebApplication1.csproj", "{408D06B5-F7A3-4E03-BF84-ACA4B276C3F1}"
EndProject
Global
	GlobalSection(SolutionConfigurationPlatforms) = preSolution
		Debug|Any CPU = Debug|Any CPU
		Release|Any CPU = Release|Any CPU
	EndGlobalSection
	GlobalSection(ProjectConfigurationPlatforms) = postSolution
		{99771DEA-25D6-4F3B-8D08-B18BFCDF0AF2}.Debug|Any CPU.ActiveCfg = Debug|Any CPU
		{99771DEA-25D6-4F3B-8D08-B18BFCDF0AF2}.Debug|Any CPU.Build.0 = Debug|Any CPU
		{99771DEA-25D6-4F3B-8D08-B18BFCDF0AF2}.Release|Any CPU.ActiveCfg = Release|Any CPU
		{99771DEA-25D6-4F3B-8D08-B18BFCDF0AF2}.Release|Any CPU.Build.0 = Release|Any CPU
		{408D06B5-F7A3-4E03-BF84-ACA4B276C3F1}.Debug|Any CPU.ActiveCfg = Debug|Any CPU
		{408D06B5-F7A3-4E03-BF84-ACA4B276C3F1}.Debug|Any CPU.Build.0 = Debug|Any CPU
		{408D06B5-F7A3-4E03-BF84-ACA4B276C3F1}.Release|Any CPU.ActiveCfg = Release|Any CPU
		{408D06B5-F7A3-4E03-BF84-ACA4B276C3F1}.Release|Any CPU.Build.0 = Release|Any CPU
	EndGlobalSection
	GlobalSection(SolutionProperties) = preSolution
		HideSolutionNode = FALSE
	EndGlobalSection
	GlobalSection(ExtensibilityGlobals) = postSolution
		SolutionGuid = {743265F2-6D47-4FD2-BDB6-831FC51BC14C}
	EndGlobalSection
EndGlobal
