
Microsoft Visual Studio Solution File, Format Version 12.00
# Visual Studio 15
VisualStudioVersion = 15.0.28010.2041
MinimumVisualStudioVersion = 10.0.40219.1
Project("{FAE04EC0-301F-11D3-BF4B-00C04F79EFBC}") = "WebApplication2", "WebApplication2\WebApplication2.csproj", "{CFD473C7-8C75-4F76-AB73-22AF7A3CE165}"
EndProject
Global
	GlobalSection(SolutionConfigurationPlatforms) = preSolution
		Debug|Any CPU = Debug|Any CPU
		Release|Any CPU = Release|Any CPU
	EndGlobalSection
	GlobalSection(ProjectConfigurationPlatforms) = postSolution
		{CFD473C7-8C75-4F76-AB73-22AF7A3CE165}.Debug|Any CPU.ActiveCfg = Debug|Any CPU
		{CFD473C7-8C75-4F76-AB73-22AF7A3CE165}.Debug|Any CPU.Build.0 = Debug|Any CPU
		{CFD473C7-8C75-4F76-AB73-22AF7A3CE165}.Release|Any CPU.ActiveCfg = Release|Any CPU
		{CFD473C7-8C75-4F76-AB73-22AF7A3CE165}.Release|Any CPU.Build.0 = Release|Any CPU
	EndGlobalSection
	GlobalSection(SolutionProperties) = preSolution
		HideSolutionNode = FALSE
	EndGlobalSection
	GlobalSection(ExtensibilityGlobals) = postSolution
		SolutionGuid = {082CC0C5-3660-46B4-B5CF-5BC47C8F6FA4}
	EndGlobalSection
EndGlobal
