
Microsoft Visual Studio Solution File, Format Version 12.00
# Visual Studio 15
VisualStudioVersion = 15.0.28010.2041
MinimumVisualStudioVersion = 10.0.40219.1
Project("{FAE04EC0-301F-11D3-BF4B-00C04F79EFBC}") = "24NOV2918", "24NOV2918\24NOV2918.csproj", "{5B824266-3DAA-49CD-AE09-3B8C06A33869}"
EndProject
Project("{FAE04EC0-301F-11D3-BF4B-00C04F79EFBC}") = "Auth", "Auth\Auth.csproj", "{5719EB7F-140A-498C-A55A-BB5566421D9F}"
EndProject
Global
	GlobalSection(SolutionConfigurationPlatforms) = preSolution
		Debug|Any CPU = Debug|Any CPU
		Release|Any CPU = Release|Any CPU
	EndGlobalSection
	GlobalSection(ProjectConfigurationPlatforms) = postSolution
		{5B824266-3DAA-49CD-AE09-3B8C06A33869}.Debug|Any CPU.ActiveCfg = Debug|Any CPU
		{5B824266-3DAA-49CD-AE09-3B8C06A33869}.Debug|Any CPU.Build.0 = Debug|Any CPU
		{5B824266-3DAA-49CD-AE09-3B8C06A33869}.Release|Any CPU.ActiveCfg = Release|Any CPU
		{5B824266-3DAA-49CD-AE09-3B8C06A33869}.Release|Any CPU.Build.0 = Release|Any CPU
		{5719EB7F-140A-498C-A55A-BB5566421D9F}.Debug|Any CPU.ActiveCfg = Debug|Any CPU
		{5719EB7F-140A-498C-A55A-BB5566421D9F}.Debug|Any CPU.Build.0 = Debug|Any CPU
		{5719EB7F-140A-498C-A55A-BB5566421D9F}.Release|Any CPU.ActiveCfg = Release|Any CPU
		{5719EB7F-140A-498C-A55A-BB5566421D9F}.Release|Any CPU.Build.0 = Release|Any CPU
	EndGlobalSection
	GlobalSection(SolutionProperties) = preSolution
		HideSolutionNode = FALSE
	EndGlobalSection
	GlobalSection(ExtensibilityGlobals) = postSolution
		SolutionGuid = {2B045131-E375-493C-974A-EEB2313FE507}
	EndGlobalSection
EndGlobal
