
Microsoft Visual Studio Solution File, Format Version 12.00
# Visual Studio 15
VisualStudioVersion = 15.0.28010.2041
MinimumVisualStudioVersion = 10.0.40219.1
Project("{FAE04EC0-301F-11D3-BF4B-00C04F79EFBC}") = "27Nov2018", "27Nov2018\27Nov2018.csproj", "{8FE29E67-776D-4F32-AFC4-E858D4D44781}"
EndProject
Project("{FAE04EC0-301F-11D3-BF4B-00C04F79EFBC}") = "UsingtoredProcedure", "UsingtoredProcedure\UsingtoredProcedure.csproj", "{59939047-1AB6-482F-8A27-C0DAB9FE2799}"
EndProject
Global
	GlobalSection(SolutionConfigurationPlatforms) = preSolution
		Debug|Any CPU = Debug|Any CPU
		Release|Any CPU = Release|Any CPU
	EndGlobalSection
	GlobalSection(ProjectConfigurationPlatforms) = postSolution
		{8FE29E67-776D-4F32-AFC4-E858D4D44781}.Debug|Any CPU.ActiveCfg = Debug|Any CPU
		{8FE29E67-776D-4F32-AFC4-E858D4D44781}.Debug|Any CPU.Build.0 = Debug|Any CPU
		{8FE29E67-776D-4F32-AFC4-E858D4D44781}.Release|Any CPU.ActiveCfg = Release|Any CPU
		{8FE29E67-776D-4F32-AFC4-E858D4D44781}.Release|Any CPU.Build.0 = Release|Any CPU
		{59939047-1AB6-482F-8A27-C0DAB9FE2799}.Debug|Any CPU.ActiveCfg = Debug|Any CPU
		{59939047-1AB6-482F-8A27-C0DAB9FE2799}.Debug|Any CPU.Build.0 = Debug|Any CPU
		{59939047-1AB6-482F-8A27-C0DAB9FE2799}.Release|Any CPU.ActiveCfg = Release|Any CPU
		{59939047-1AB6-482F-8A27-C0DAB9FE2799}.Release|Any CPU.Build.0 = Release|Any CPU
	EndGlobalSection
	GlobalSection(SolutionProperties) = preSolution
		HideSolutionNode = FALSE
	EndGlobalSection
	GlobalSection(ExtensibilityGlobals) = postSolution
		SolutionGuid = {D00EA9DA-9D3E-4765-8793-75A216CDD274}
	EndGlobalSection
EndGlobal
